
Microsoft Visual Studio Solution File, Format Version 12.00
Project("{FAE04EC0-301F-11D3-BF4B-00C04F79EFBC}") = "SantaChristmasList.Operations", "SantaChristmasList.Operations\SantaChristmasList.Operations.csproj", "{D0505BEA-AD9F-4B9F-879A-AEDA9CC6CB11}"
EndProject
Project("{FAE04EC0-301F-11D3-BF4B-00C04F79EFBC}") = "SantaChristmasList.Operations.Test", "SantaChristmasList.Operations.Test\SantaChristmasList.Operations.Test.csproj", "{DD060FBC-3B60-4C08-8571-E94BE18802E2}"
EndProject
Global
	GlobalSection(SolutionConfigurationPlatforms) = preSolution
		Debug|Any CPU = Debug|Any CPU
		Release|Any CPU = Release|Any CPU
	EndGlobalSection
	GlobalSection(ProjectConfigurationPlatforms) = postSolution
		{D0505BEA-AD9F-4B9F-879A-AEDA9CC6CB11}.Debug|Any CPU.ActiveCfg = Debug|Any CPU
		{D0505BEA-AD9F-4B9F-879A-AEDA9CC6CB11}.Debug|Any CPU.Build.0 = Debug|Any CPU
		{D0505BEA-AD9F-4B9F-879A-AEDA9CC6CB11}.Release|Any CPU.ActiveCfg = Release|Any CPU
		{D0505BEA-AD9F-4B9F-879A-AEDA9CC6CB11}.Release|Any CPU.Build.0 = Release|Any CPU
		{DD060FBC-3B60-4C08-8571-E94BE18802E2}.Debug|Any CPU.ActiveCfg = Debug|Any CPU
		{DD060FBC-3B60-4C08-8571-E94BE18802E2}.Debug|Any CPU.Build.0 = Debug|Any CPU
		{DD060FBC-3B60-4C08-8571-E94BE18802E2}.Release|Any CPU.ActiveCfg = Release|Any CPU
		{DD060FBC-3B60-4C08-8571-E94BE18802E2}.Release|Any CPU.Build.0 = Release|Any CPU
	EndGlobalSection
	GlobalSection(NestedProjects) = preSolution
	EndGlobalSection
EndGlobal
