
Microsoft Visual Studio Solution File, Format Version 12.00
Project("{FAE04EC0-301F-11D3-BF4B-00C04F79EFBC}") = "SantaChristmasList.Operations", "SantaChristmasList.Operations\SantaChristmasList.Operations.csproj", "{D0505BEA-AD9F-4B9F-879A-AEDA9CC6CB11}"
EndProject
Project("{FAE04EC0-301F-11D3-BF4B-00C04F79EFBC}") = "SantaChristmasList.Operations.Test", "SantaChristmasList.Operations.Test\SantaChristmasList.Operations.Test.csproj", "{DD060FBC-3B60-4C08-8571-E94BE18802E2}"
EndProject
Project("{FAE04EC0-301F-11D3-BF4B-00C04F79EFBC}") = "SantaChristmasList.Operations.Monad", "SantaChristmasList.Operations.Monad\SantaChristmasList.Operations.Monad.csproj", "{8708973C-B80B-4709-8EA4-E551461E0F07}"
EndProject
Project("{2150E333-8FDC-42A3-9474-1A3956D46DE8}") = "Monad implementation", "Monad implementation", "{14F4F382-E78E-4D52-8077-130D4E091AFB}"
EndProject
Project("{FAE04EC0-301F-11D3-BF4B-00C04F79EFBC}") = "SantaChristmasList.Operations.Test", "SantaChristmasList.Operations.Monad.Test\SantaChristmasList.Operations.Test.csproj", "{B8A66E17-7E2D-4D34-B56B-825EB49B768A}"
EndProject
Global
	GlobalSection(SolutionConfigurationPlatforms) = preSolution
		Debug|Any CPU = Debug|Any CPU
		Release|Any CPU = Release|Any CPU
	EndGlobalSection
	GlobalSection(ProjectConfigurationPlatforms) = postSolution
		{D0505BEA-AD9F-4B9F-879A-AEDA9CC6CB11}.Debug|Any CPU.ActiveCfg = Debug|Any CPU
		{D0505BEA-AD9F-4B9F-879A-AEDA9CC6CB11}.Debug|Any CPU.Build.0 = Debug|Any CPU
		{D0505BEA-AD9F-4B9F-879A-AEDA9CC6CB11}.Release|Any CPU.ActiveCfg = Release|Any CPU
		{D0505BEA-AD9F-4B9F-879A-AEDA9CC6CB11}.Release|Any CPU.Build.0 = Release|Any CPU
		{DD060FBC-3B60-4C08-8571-E94BE18802E2}.Debug|Any CPU.ActiveCfg = Debug|Any CPU
		{DD060FBC-3B60-4C08-8571-E94BE18802E2}.Debug|Any CPU.Build.0 = Debug|Any CPU
		{DD060FBC-3B60-4C08-8571-E94BE18802E2}.Release|Any CPU.ActiveCfg = Release|Any CPU
		{DD060FBC-3B60-4C08-8571-E94BE18802E2}.Release|Any CPU.Build.0 = Release|Any CPU
		{8708973C-B80B-4709-8EA4-E551461E0F07}.Debug|Any CPU.ActiveCfg = Debug|Any CPU
		{8708973C-B80B-4709-8EA4-E551461E0F07}.Debug|Any CPU.Build.0 = Debug|Any CPU
		{8708973C-B80B-4709-8EA4-E551461E0F07}.Release|Any CPU.ActiveCfg = Release|Any CPU
		{8708973C-B80B-4709-8EA4-E551461E0F07}.Release|Any CPU.Build.0 = Release|Any CPU
		{B8A66E17-7E2D-4D34-B56B-825EB49B768A}.Debug|Any CPU.ActiveCfg = Debug|Any CPU
		{B8A66E17-7E2D-4D34-B56B-825EB49B768A}.Debug|Any CPU.Build.0 = Debug|Any CPU
		{B8A66E17-7E2D-4D34-B56B-825EB49B768A}.Release|Any CPU.ActiveCfg = Release|Any CPU
		{B8A66E17-7E2D-4D34-B56B-825EB49B768A}.Release|Any CPU.Build.0 = Release|Any CPU
	EndGlobalSection
	GlobalSection(NestedProjects) = preSolution
		{8708973C-B80B-4709-8EA4-E551461E0F07} = {14F4F382-E78E-4D52-8077-130D4E091AFB}
		{B8A66E17-7E2D-4D34-B56B-825EB49B768A} = {14F4F382-E78E-4D52-8077-130D4E091AFB}
	EndGlobalSection
EndGlobal
