
Microsoft Visual Studio Solution File, Format Version 12.00
# Visual Studio Version 17
VisualStudioVersion = 17.6.33829.357
MinimumVisualStudioVersion = 10.0.40219.1
Project("{FAE04EC0-301F-11D3-BF4B-00C04F79EFBC}") = "Gifts", "Gifts\Gifts.csproj", "{83927826-2BAE-46B3-BE25-D5B9519E46F8}"
EndProject
Project("{FAE04EC0-301F-11D3-BF4B-00C04F79EFBC}") = "Gifts.Tests", "Gifts.Tests\Gifts.Tests.csproj", "{D032C047-1E9A-4F5C-8BD2-7C17E579C12C}"
EndProject
Global
	GlobalSection(SolutionConfigurationPlatforms) = preSolution
		Debug|Any CPU = Debug|Any CPU
		Release|Any CPU = Release|Any CPU
	EndGlobalSection
	GlobalSection(ProjectConfigurationPlatforms) = postSolution
		{83927826-2BAE-46B3-BE25-D5B9519E46F8}.Debug|Any CPU.ActiveCfg = Debug|Any CPU
		{83927826-2BAE-46B3-BE25-D5B9519E46F8}.Debug|Any CPU.Build.0 = Debug|Any CPU
		{83927826-2BAE-46B3-BE25-D5B9519E46F8}.Release|Any CPU.ActiveCfg = Release|Any CPU
		{83927826-2BAE-46B3-BE25-D5B9519E46F8}.Release|Any CPU.Build.0 = Release|Any CPU
		{D032C047-1E9A-4F5C-8BD2-7C17E579C12C}.Debug|Any CPU.ActiveCfg = Debug|Any CPU
		{D032C047-1E9A-4F5C-8BD2-7C17E579C12C}.Debug|Any CPU.Build.0 = Debug|Any CPU
		{D032C047-1E9A-4F5C-8BD2-7C17E579C12C}.Release|Any CPU.ActiveCfg = Release|Any CPU
		{D032C047-1E9A-4F5C-8BD2-7C17E579C12C}.Release|Any CPU.Build.0 = Release|Any CPU
	EndGlobalSection
	GlobalSection(SolutionProperties) = preSolution
		HideSolutionNode = FALSE
	EndGlobalSection
	GlobalSection(ExtensibilityGlobals) = postSolution
		SolutionGuid = {1E1702CC-A1AE-47ED-A386-4DE4C05052EE}
	EndGlobalSection
EndGlobal
